Microsoft Visual Studio Solution File, Format Version 9.00
# Visual Studio 2005
Project("{F184B08F-C81C-45F6-A57F-5ABD9991F28F}") = "StoreInDB", "StoreInDB.vbproj", "{E37B0514-08DE-4EC7-9A34-03CD44231F61}"
EndProject
Global
	GlobalSection(SolutionConfigurationPlatforms) = preSolution
		Debug|Any CPU = Debug|Any CPU
		Release|Any CPU = Release|Any CPU
	EndGlobalSection
	GlobalSection(ProjectConfigurationPlatforms) = postSolution
		{E37B0514-08DE-4EC7-9A34-03CD44231F61}.Debug|Any CPU.ActiveCfg = Debug|Any CPU
		{E37B0514-08DE-4EC7-9A34-03CD44231F61}.Debug|Any CPU.Build.0 = Debug|Any CPU
		{E37B0514-08DE-4EC7-9A34-03CD44231F61}.Release|Any CPU.ActiveCfg = Release|Any CPU
		{E37B0514-08DE-4EC7-9A34-03CD44231F61}.Release|Any CPU.Build.0 = Release|Any CPU
	EndGlobalSection
	GlobalSection(SolutionProperties) = preSolution
		HideSolutionNode = FALSE
	EndGlobalSection
EndGlobal
